// !$*UTF8*$!
{
	archiveVersion = 1;
	classes = {
	};
	objectVersion = 55;
	objects = {

/* Begin PBXBuildFile section */
		B8898DEB2743E8C200F9F4B0 /* AddTeamMemberViewController.swift in Sources */ = {isa = PBXBuildFile; fileRef = B8898DEA2743E8C100F9F4B0 /* AddTeamMemberViewController.swift */; };
		B8898DED2743F28700F9F4B0 /* AddTeamMemberCell.swift.swift in Sources */ = {isa = PBXBuildFile; fileRef = B8898DEC2743F28700F9F4B0 /* AddTeamMemberCell.swift.swift */; };
		B8898DEF2743F48C00F9F4B0 /* MemberStruct.swift in Sources */ = {isa = PBXBuildFile; fileRef = B8898DEE2743F48C00F9F4B0 /* MemberStruct.swift */; };
		B8898E0527453F7000F9F4B0 /* CoreDataManager.swift.swift in Sources */ = {isa = PBXBuildFile; fileRef = B8898E0427453F7000F9F4B0 /* CoreDataManager.swift.swift */; };
		B8898E0C2748D9E400F9F4B0 /* NetworkManager.swift in Sources */ = {isa = PBXBuildFile; fileRef = B8898E0B2748D9E400F9F4B0 /* NetworkManager.swift */; };
		B8898E0E2748DD2F00F9F4B0 /* RandomAPI.swift.swift in Sources */ = {isa = PBXBuildFile; fileRef = B8898E0D2748DD2F00F9F4B0 /* RandomAPI.swift.swift */; };
		B8898E102748F52B00F9F4B0 /* AvatarImage.swift in Sources */ = {isa = PBXBuildFile; fileRef = B8898E0F2748F52B00F9F4B0 /* AvatarImage.swift */; };
		B8989C6827410D2B00BDE2D0 /* AppDelegate.swift in Sources */ = {isa = PBXBuildFile; fileRef = B8989C6727410D2B00BDE2D0 /* AppDelegate.swift */; };
		B8989C6A27410D2B00BDE2D0 /* SceneDelegate.swift in Sources */ = {isa = PBXBuildFile; fileRef = B8989C6927410D2B00BDE2D0 /* SceneDelegate.swift */; };
		B8989C7227410D2B00BDE2D0 /* TeamBuilder.xcdatamodeld in Sources */ = {isa = PBXBuildFile; fileRef = B8989C7027410D2B00BDE2D0 /* TeamBuilder.xcdatamodeld */; };
		B8989C7427410D2D00BDE2D0 /* Assets.xcassets in Resources */ = {isa = PBXBuildFile; fileRef = B8989C7327410D2D00BDE2D0 /* Assets.xcassets */; };
		B8989C7727410D2D00BDE2D0 /* LaunchScreen.storyboard in Resources */ = {isa = PBXBuildFile; fileRef = B8989C7527410D2D00BDE2D0 /* LaunchScreen.storyboard */; };
		B8989C7F2741107200BDE2D0 /* TeamsViewController.swift in Sources */ = {isa = PBXBuildFile; fileRef = B8989C7E2741107200BDE2D0 /* TeamsViewController.swift */; };
		B8989C81274110DA00BDE2D0 /* TeamsViewCell.swift in Sources */ = {isa = PBXBuildFile; fileRef = B8989C80274110DA00BDE2D0 /* TeamsViewCell.swift */; };
		B8989C8327411C5000BDE2D0 /* Constants.swift in Sources */ = {isa = PBXBuildFile; fileRef = B8989C8227411C5000BDE2D0 /* Constants.swift */; };
		B8989C852742A1EE00BDE2D0 /* AddTeamViewController.swift in Sources */ = {isa = PBXBuildFile; fileRef = B8989C842742A1EE00BDE2D0 /* AddTeamViewController.swift */; };
		B8A05BC5274A517E00AE9E8C /* Extension.swift.swift in Sources */ = {isa = PBXBuildFile; fileRef = B8A05BC4274A517E00AE9E8C /* Extension.swift.swift */; };
		B8A05BCA274A5A7700AE9E8C /* Team+CoreDataClass.swift in Sources */ = {isa = PBXBuildFile; fileRef = B8A05BC6274A5A7700AE9E8C /* Team+CoreDataClass.swift */; };
		B8A05BCB274A5A7700AE9E8C /* Team+CoreDataProperties.swift in Sources */ = {isa = PBXBuildFile; fileRef = B8A05BC7274A5A7700AE9E8C /* Team+CoreDataProperties.swift */; };
		B8A05BCC274A5A7700AE9E8C /* Member+CoreDataClass.swift in Sources */ = {isa = PBXBuildFile; fileRef = B8A05BC8274A5A7700AE9E8C /* Member+CoreDataClass.swift */; };
		B8A05BCD274A5A7700AE9E8C /* Member+CoreDataProperties.swift in Sources */ = {isa = PBXBuildFile; fileRef = B8A05BC9274A5A7700AE9E8C /* Member+CoreDataProperties.swift */; };
		BA87AFB4BF7D4E6E096A0E90 /* Pods_TeamBuilder.framework in Frameworks */ = {isa = PBXBuildFile; fileRef = 80123ECE2C60B7A27472D051 /* Pods_TeamBuilder.framework */; };
/* End PBXBuildFile section */

/* Begin PBXFileReference section */
		80123ECE2C60B7A27472D051 /* Pods_TeamBuilder.framework */ = {isa = PBXFileReference; explicitFileType = wrapper.framework; includeInIndex = 0; path = Pods_TeamBuilder.framework; sourceTree = BUILT_PRODUCTS_DIR; };
		88ACED75B447799A6479E358 /* Pods-TeamBuilder.debug.xcconfig */ = {isa = PBXFileReference; includeInIndex = 1; lastKnownFileType = text.xcconfig; name = "Pods-TeamBuilder.debug.xcconfig"; path = "Target Support Files/Pods-TeamBuilder/Pods-TeamBuilder.debug.xcconfig"; sourceTree = "<group>"; };
		A5D741940B273B9A719BEC14 /* Pods-TeamBuilder.release.xcconfig */ = {isa = PBXFileReference; includeInIndex = 1; lastKnownFileType = text.xcconfig; name = "Pods-TeamBuilder.release.xcconfig"; path = "Target Support Files/Pods-TeamBuilder/Pods-TeamBuilder.release.xcconfig"; sourceTree = "<group>"; };
		B8898DEA2743E8C100F9F4B0 /* AddTeamMemberViewController.swift */ = {isa = PBXFileReference; lastKnownFileType = sourcecode.swift; path = AddTeamMemberViewController.swift; sourceTree = "<group>"; };
		B8898DEC2743F28700F9F4B0 /* AddTeamMemberCell.swift.swift */ = {isa = PBXFileReference; lastKnownFileType = sourcecode.swift; path = AddTeamMemberCell.swift.swift; sourceTree = "<group>"; };
		B8898DEE2743F48C00F9F4B0 /* MemberStruct.swift */ = {isa = PBXFileReference; lastKnownFileType = sourcecode.swift; path = MemberStruct.swift; sourceTree = "<group>"; };
		B8898E0427453F7000F9F4B0 /* CoreDataManager.swift.swift */ = {isa = PBXFileReference; lastKnownFileType = sourcecode.swift; path = CoreDataManager.swift.swift; sourceTree = "<group>"; };
		B8898E0B2748D9E400F9F4B0 /* NetworkManager.swift */ = {isa = PBXFileReference; lastKnownFileType = sourcecode.swift; path = NetworkManager.swift; sourceTree = "<group>"; };
		B8898E0D2748DD2F00F9F4B0 /* RandomAPI.swift.swift */ = {isa = PBXFileReference; lastKnownFileType = sourcecode.swift; path = RandomAPI.swift.swift; sourceTree = "<group>"; };
		B8898E0F2748F52B00F9F4B0 /* AvatarImage.swift */ = {isa = PBXFileReference; lastKnownFileType = sourcecode.swift; path = AvatarImage.swift; sourceTree = SOURCE_ROOT; };
		B8989C6427410D2B00BDE2D0 /* TeamBuilder.app */ = {isa = PBXFileReference; explicitFileType = wrapper.application; includeInIndex = 0; path = TeamBuilder.app; sourceTree = BUILT_PRODUCTS_DIR; };
		B8989C6727410D2B00BDE2D0 /* AppDelegate.swift */ = {isa = PBXFileReference; lastKnownFileType = sourcecode.swift; path = AppDelegate.swift; sourceTree = "<group>"; };
		B8989C6927410D2B00BDE2D0 /* SceneDelegate.swift */ = {isa = PBXFileReference; lastKnownFileType = sourcecode.swift; path = SceneDelegate.swift; sourceTree = "<group>"; };
		B8989C7127410D2B00BDE2D0 /* TeamBuilder.xcdatamodel */ = {isa = PBXFileReference; lastKnownFileType = wrapper.xcdatamodel; path = TeamBuilder.xcdatamodel; sourceTree = "<group>"; };
		B8989C7327410D2D00BDE2D0 /* Assets.xcassets */ = {isa = PBXFileReference; lastKnownFileType = folder.assetcatalog; path = Assets.xcassets; sourceTree = "<group>"; };
		B8989C7627410D2D00BDE2D0 /* Base */ = {isa = PBXFileReference; lastKnownFileType = file.storyboard; name = Base; path = Base.lproj/LaunchScreen.storyboard; sourceTree = "<group>"; };
		B8989C7827410D2D00BDE2D0 /* Info.plist */ = {isa = PBXFileReference; lastKnownFileType = text.plist.xml; path = Info.plist; sourceTree = "<group>"; };
		B8989C7E2741107200BDE2D0 /* TeamsViewController.swift */ = {isa = PBXFileReference; lastKnownFileType = sourcecode.swift; path = TeamsViewController.swift; sourceTree = "<group>"; };
		B8989C80274110DA00BDE2D0 /* TeamsViewCell.swift */ = {isa = PBXFileReference; lastKnownFileType = sourcecode.swift; path = TeamsViewCell.swift; sourceTree = "<group>"; };
		B8989C8227411C5000BDE2D0 /* Constants.swift */ = {isa = PBXFileReference; lastKnownFileType = sourcecode.swift; path = Constants.swift; sourceTree = "<group>"; };
		B8989C842742A1EE00BDE2D0 /* AddTeamViewController.swift */ = {isa = PBXFileReference; lastKnownFileType = sourcecode.swift; path = AddTeamViewController.swift; sourceTree = "<group>"; };
		B8A05BC4274A517E00AE9E8C /* Extension.swift.swift */ = {isa = PBXFileReference; lastKnownFileType = sourcecode.swift; path = Extension.swift.swift; sourceTree = "<group>"; };
		B8A05BC6274A5A7700AE9E8C /* Team+CoreDataClass.swift */ = {isa = PBXFileReference; lastKnownFileType = sourcecode.swift; path = "Team+CoreDataClass.swift"; sourceTree = SOURCE_ROOT; };
		B8A05BC7274A5A7700AE9E8C /* Team+CoreDataProperties.swift */ = {isa = PBXFileReference; lastKnownFileType = sourcecode.swift; path = "Team+CoreDataProperties.swift"; sourceTree = SOURCE_ROOT; };
		B8A05BC8274A5A7700AE9E8C /* Member+CoreDataClass.swift */ = {isa = PBXFileReference; lastKnownFileType = sourcecode.swift; path = "Member+CoreDataClass.swift"; sourceTree = SOURCE_ROOT; };
		B8A05BC9274A5A7700AE9E8C /* Member+CoreDataProperties.swift */ = {isa = PBXFileReference; lastKnownFileType = sourcecode.swift; path = "Member+CoreDataProperties.swift"; sourceTree = SOURCE_ROOT; };
/* End PBXFileReference section */

/* Begin PBXFrameworksBuildPhase section */
		B8989C6127410D2B00BDE2D0 /* Frameworks */ = {
			isa = PBXFrameworksBuildPhase;
			buildActionMask = 2147483647;
			files = (
				BA87AFB4BF7D4E6E096A0E90 /* Pods_TeamBuilder.framework in Frameworks */,
			);
			runOnlyForDeploymentPostprocessing = 0;
		};
/* End PBXFrameworksBuildPhase section */

/* Begin PBXGroup section */
		23292D6C38A53C4DE6342A0B /* Frameworks */ = {
			isa = PBXGroup;
			children = (
				80123ECE2C60B7A27472D051 /* Pods_TeamBuilder.framework */,
			);
			name = Frameworks;
			sourceTree = "<group>";
		};
		3957DCF80FBA6E6BF8C4F9B3 /* Pods */ = {
			isa = PBXGroup;
			children = (
				88ACED75B447799A6479E358 /* Pods-TeamBuilder.debug.xcconfig */,
				A5D741940B273B9A719BEC14 /* Pods-TeamBuilder.release.xcconfig */,
			);
			path = Pods;
			sourceTree = "<group>";
		};
		B8898E0627480D8400F9F4B0 /* Controller */ = {
			isa = PBXGroup;
			children = (
				B8989C7E2741107200BDE2D0 /* TeamsViewController.swift */,
				B8989C842742A1EE00BDE2D0 /* AddTeamViewController.swift */,
				B8898DEA2743E8C100F9F4B0 /* AddTeamMemberViewController.swift */,
			);
			path = Controller;
			sourceTree = "<group>";
		};
		B8898E0727480DAE00F9F4B0 /* Cell */ = {
			isa = PBXGroup;
			children = (
				B8989C80274110DA00BDE2D0 /* TeamsViewCell.swift */,
				B8898DEC2743F28700F9F4B0 /* AddTeamMemberCell.swift.swift */,
			);
			path = Cell;
			sourceTree = "<group>";
		};
		B8898E0A2748D9CE00F9F4B0 /* Managers */ = {
			isa = PBXGroup;
			children = (
				B8898E0F2748F52B00F9F4B0 /* AvatarImage.swift */,
				B8898E0427453F7000F9F4B0 /* CoreDataManager.swift.swift */,
				B8898E0B2748D9E400F9F4B0 /* NetworkManager.swift */,
				B8898E0D2748DD2F00F9F4B0 /* RandomAPI.swift.swift */,
				B8A05BC4274A517E00AE9E8C /* Extension.swift.swift */,
			);
			path = Managers;
			sourceTree = "<group>";
		};
		B8989C5B27410D2B00BDE2D0 = {
			isa = PBXGroup;
			children = (
				B8989C6627410D2B00BDE2D0 /* TeamBuilder */,
				B8989C6527410D2B00BDE2D0 /* Products */,
				3957DCF80FBA6E6BF8C4F9B3 /* Pods */,
				23292D6C38A53C4DE6342A0B /* Frameworks */,
			);
			sourceTree = "<group>";
		};
		B8989C6527410D2B00BDE2D0 /* Products */ = {
			isa = PBXGroup;
			children = (
				B8989C6427410D2B00BDE2D0 /* TeamBuilder.app */,
			);
			name = Products;
			sourceTree = "<group>";
		};
		B8989C6627410D2B00BDE2D0 /* TeamBuilder */ = {
			isa = PBXGroup;
			children = (
				B8989C6727410D2B00BDE2D0 /* AppDelegate.swift */,
				B8989C6927410D2B00BDE2D0 /* SceneDelegate.swift */,
				B8898E0A2748D9CE00F9F4B0 /* Managers */,
				B8989C9B2742B0FD00BDE2D0 /* CoreData Models */,
				B8898E0627480D8400F9F4B0 /* Controller */,
				B8898E0727480DAE00F9F4B0 /* Cell */,
				B8898DEE2743F48C00F9F4B0 /* MemberStruct.swift */,
				B8989C8227411C5000BDE2D0 /* Constants.swift */,
				B8989C7327410D2D00BDE2D0 /* Assets.xcassets */,
				B8989C7527410D2D00BDE2D0 /* LaunchScreen.storyboard */,
				B8989C7827410D2D00BDE2D0 /* Info.plist */,
				B8989C7027410D2B00BDE2D0 /* TeamBuilder.xcdatamodeld */,
			);
			path = TeamBuilder;
			sourceTree = "<group>";
		};
		B8989C9B2742B0FD00BDE2D0 /* CoreData Models */ = {
			isa = PBXGroup;
			children = (
				B8A05BC6274A5A7700AE9E8C /* Team+CoreDataClass.swift */,
				B8A05BC7274A5A7700AE9E8C /* Team+CoreDataProperties.swift */,
				B8A05BC8274A5A7700AE9E8C /* Member+CoreDataClass.swift */,
				B8A05BC9274A5A7700AE9E8C /* Member+CoreDataProperties.swift */,
			);
			path = "CoreData Models";
			sourceTree = "<group>";
		};
/* End PBXGroup section */

/* Begin PBXNativeTarget section */
		B8989C6327410D2B00BDE2D0 /* TeamBuilder */ = {
			isa = PBXNativeTarget;
			buildConfigurationList = B8989C7B27410D2D00BDE2D0 /* Build configuration list for PBXNativeTarget "TeamBuilder" */;
			buildPhases = (
				2E7EC45A1A6511F2FA58D056 /* [CP] Check Pods Manifest.lock */,
				B8989C6027410D2B00BDE2D0 /* Sources */,
				B8989C6127410D2B00BDE2D0 /* Frameworks */,
				B8989C6227410D2B00BDE2D0 /* Resources */,
				1E7B6963BB8563F953A777D6 /* [CP] Embed Pods Frameworks */,
			);
			buildRules = (
			);
			dependencies = (
			);
			name = TeamBuilder;
			productName = TeamBuilder;
			productReference = B8989C6427410D2B00BDE2D0 /* TeamBuilder.app */;
			productType = "com.apple.product-type.application";
		};
/* End PBXNativeTarget section */

/* Begin PBXProject section */
		B8989C5C27410D2B00BDE2D0 /* Project object */ = {
			isa = PBXProject;
			attributes = {
				BuildIndependentTargetsInParallel = 1;
				LastSwiftUpdateCheck = 1310;
				LastUpgradeCheck = 1310;
				TargetAttributes = {
					B8989C6327410D2B00BDE2D0 = {
						CreatedOnToolsVersion = 13.1;
					};
				};
			};
			buildConfigurationList = B8989C5F27410D2B00BDE2D0 /* Build configuration list for PBXProject "TeamBuilder" */;
			compatibilityVersion = "Xcode 13.0";
			developmentRegion = en;
			hasScannedForEncodings = 0;
			knownRegions = (
				en,
				Base,
			);
			mainGroup = B8989C5B27410D2B00BDE2D0;
			productRefGroup = B8989C6527410D2B00BDE2D0 /* Products */;
			projectDirPath = "";
			projectRoot = "";
			targets = (
				B8989C6327410D2B00BDE2D0 /* TeamBuilder */,
			);
		};
/* End PBXProject section */

/* Begin PBXResourcesBuildPhase section */
		B8989C6227410D2B00BDE2D0 /* Resources */ = {
			isa = PBXResourcesBuildPhase;
			buildActionMask = 2147483647;
			files = (
				B8989C7727410D2D00BDE2D0 /* LaunchScreen.storyboard in Resources */,
				B8989C7427410D2D00BDE2D0 /* Assets.xcassets in Resources */,
			);
			runOnlyForDeploymentPostprocessing = 0;
		};
/* End PBXResourcesBuildPhase section */

/* Begin PBXShellScriptBuildPhase section */
		1E7B6963BB8563F953A777D6 /* [CP] Embed Pods Frameworks */ = {
			isa = PBXShellScriptBuildPhase;
			buildActionMask = 2147483647;
			files = (
			);
			inputFileListPaths = (
				"${PODS_ROOT}/Target Support Files/Pods-TeamBuilder/Pods-TeamBuilder-frameworks-${CONFIGURATION}-input-files.xcfilelist",
			);
			name = "[CP] Embed Pods Frameworks";
			outputFileListPaths = (
				"${PODS_ROOT}/Target Support Files/Pods-TeamBuilder/Pods-TeamBuilder-frameworks-${CONFIGURATION}-output-files.xcfilelist",
			);
			runOnlyForDeploymentPostprocessing = 0;
			shellPath = /bin/sh;
			shellScript = "\"${PODS_ROOT}/Target Support Files/Pods-TeamBuilder/Pods-TeamBuilder-frameworks.sh\"\n";
			showEnvVarsInLog = 0;
		};
		2E7EC45A1A6511F2FA58D056 /* [CP] Check Pods Manifest.lock */ = {
			isa = PBXShellScriptBuildPhase;
			buildActionMask = 2147483647;
			files = (
			);
			inputFileListPaths = (
			);
			inputPaths = (
				"${PODS_PODFILE_DIR_PATH}/Podfile.lock",
				"${PODS_ROOT}/Manifest.lock",
			);
			name = "[CP] Check Pods Manifest.lock";
			outputFileListPaths = (
			);
			outputPaths = (
				"$(DERIVED_FILE_DIR)/Pods-TeamBuilder-checkManifestLockResult.txt",
			);
			runOnlyForDeploymentPostprocessing = 0;
			shellPath = /bin/sh;
			shellScript = "diff \"${PODS_PODFILE_DIR_PATH}/Podfile.lock\" \"${PODS_ROOT}/Manifest.lock\" > /dev/null\nif [ $? != 0 ] ; then\n    # print error to STDERR\n    echo \"error: The sandbox is not in sync with the Podfile.lock. Run 'pod install' or update your CocoaPods installation.\" >&2\n    exit 1\nfi\n# This output is used by Xcode 'outputs' to avoid re-running this script phase.\necho \"SUCCESS\" > \"${SCRIPT_OUTPUT_FILE_0}\"\n";
			showEnvVarsInLog = 0;
		};
/* End PBXShellScriptBuildPhase section */

/* Begin PBXSourcesBuildPhase section */
		B8989C6027410D2B00BDE2D0 /* Sources */ = {
			isa = PBXSourcesBuildPhase;
			buildActionMask = 2147483647;
			files = (
				B8989C81274110DA00BDE2D0 /* TeamsViewCell.swift in Sources */,
				B8898DEF2743F48C00F9F4B0 /* MemberStruct.swift in Sources */,
				B8989C6827410D2B00BDE2D0 /* AppDelegate.swift in Sources */,
				B8898E102748F52B00F9F4B0 /* AvatarImage.swift in Sources */,
				B8898E0C2748D9E400F9F4B0 /* NetworkManager.swift in Sources */,
				B8989C852742A1EE00BDE2D0 /* AddTeamViewController.swift in Sources */,
				B8989C7227410D2B00BDE2D0 /* TeamBuilder.xcdatamodeld in Sources */,
				B8898DED2743F28700F9F4B0 /* AddTeamMemberCell.swift.swift in Sources */,
				B8989C6A27410D2B00BDE2D0 /* SceneDelegate.swift in Sources */,
				B8A05BCC274A5A7700AE9E8C /* Member+CoreDataClass.swift in Sources */,
				B8898E0527453F7000F9F4B0 /* CoreDataManager.swift.swift in Sources */,
				B8898E0E2748DD2F00F9F4B0 /* RandomAPI.swift.swift in Sources */,
				B8A05BCD274A5A7700AE9E8C /* Member+CoreDataProperties.swift in Sources */,
				B8A05BC5274A517E00AE9E8C /* Extension.swift.swift in Sources */,
				B8A05BCB274A5A7700AE9E8C /* Team+CoreDataProperties.swift in Sources */,
				B8989C7F2741107200BDE2D0 /* TeamsViewController.swift in Sources */,
				B8898DEB2743E8C200F9F4B0 /* AddTeamMemberViewController.swift in Sources */,
				B8A05BCA274A5A7700AE9E8C /* Team+CoreDataClass.swift in Sources */,
				B8989C8327411C5000BDE2D0 /* Constants.swift in Sources */,
			);
			runOnlyForDeploymentPostprocessing = 0;
		};
/* End PBXSourcesBuildPhase section */

/* Begin PBXVariantGroup section */
		B8989C7527410D2D00BDE2D0 /* LaunchScreen.storyboard */ = {
			isa = PBXVariantGroup;
			children = (
				B8989C7627410D2D00BDE2D0 /* Base */,
			);
			name = LaunchScreen.storyboard;
			sourceTree = "<group>";
		};
/* End PBXVariantGroup section */

/* Begin XCBuildConfiguration section */
		B8989C7927410D2D00BDE2D0 /* Debug */ = {
			isa = XCBuildConfiguration;
			buildSettings = {
				ALWAYS_SEARCH_USER_PATHS = NO;
				CLANG_ANALYZER_NONNULL = YES;
				CLANG_ANALYZER_NUMBER_OBJECT_CONVERSION = YES_AGGRESSIVE;
				CLANG_CXX_LANGUAGE_STANDARD = "gnu++17";
				CLANG_CXX_LIBRARY = "libc++";
				CLANG_ENABLE_MODULES = YES;
				CLANG_ENABLE_OBJC_ARC = YES;
				CLANG_ENABLE_OBJC_WEAK = YES;
				CLANG_WARN_BLOCK_CAPTURE_AUTORELEASING = YES;
				CLANG_WARN_BOOL_CONVERSION = YES;
				CLANG_WARN_COMMA = YES;
				CLANG_WARN_CONSTANT_CONVERSION = YES;
				CLANG_WARN_DEPRECATED_OBJC_IMPLEMENTATIONS = YES;
				CLANG_WARN_DIRECT_OBJC_ISA_USAGE = YES_ERROR;
				CLANG_WARN_DOCUMENTATION_COMMENTS = YES;
				CLANG_WARN_EMPTY_BODY = YES;
				CLANG_WARN_ENUM_CONVERSION = YES;
				CLANG_WARN_INFINITE_RECURSION = YES;
				CLANG_WARN_INT_CONVERSION = YES;
				CLANG_WARN_NON_LITERAL_NULL_CONVERSION = YES;
				CLANG_WARN_OBJC_IMPLICIT_RETAIN_SELF = YES;
				CLANG_WARN_OBJC_LITERAL_CONVERSION = YES;
				CLANG_WARN_OBJC_ROOT_CLASS = YES_ERROR;
				CLANG_WARN_QUOTED_INCLUDE_IN_FRAMEWORK_HEADER = YES;
				CLANG_WARN_RANGE_LOOP_ANALYSIS = YES;
				CLANG_WARN_STRICT_PROTOTYPES = YES;
				CLANG_WARN_SUSPICIOUS_MOVE = YES;
				CLANG_WARN_UNGUARDED_AVAILABILITY = YES_AGGRESSIVE;
				CLANG_WARN_UNREACHABLE_CODE = YES;
				CLANG_WARN__DUPLICATE_METHOD_MATCH = YES;
				COPY_PHASE_STRIP = NO;
				DEBUG_INFORMATION_FORMAT = dwarf;
				ENABLE_STRICT_OBJC_MSGSEND = YES;
				ENABLE_TESTABILITY = YES;
				GCC_C_LANGUAGE_STANDARD = gnu11;
				GCC_DYNAMIC_NO_PIC = NO;
				GCC_NO_COMMON_BLOCKS = YES;
				GCC_OPTIMIZATION_LEVEL = 0;
				GCC_PREPROCESSOR_DEFINITIONS = (
					"DEBUG=1",
					"$(inherited)",
				);
				GCC_WARN_64_TO_32_BIT_CONVERSION = YES;
				GCC_WARN_ABOUT_RETURN_TYPE = YES_ERROR;
				GCC_WARN_UNDECLARED_SELECTOR = YES;
				GCC_WARN_UNINITIALIZED_AUTOS = YES_AGGRESSIVE;
				GCC_WARN_UNUSED_FUNCTION = YES;
				GCC_WARN_UNUSED_VARIABLE = YES;
				IPHONEOS_DEPLOYMENT_TARGET = 15.0;
				MTL_ENABLE_DEBUG_INFO = INCLUDE_SOURCE;
				MTL_FAST_MATH = YES;
				ONLY_ACTIVE_ARCH = YES;
				SDKROOT = iphoneos;
				SWIFT_ACTIVE_COMPILATION_CONDITIONS = DEBUG;
				SWIFT_OPTIMIZATION_LEVEL = "-Onone";
			};
			name = Debug;
		};
		B8989C7A27410D2D00BDE2D0 /* Release */ = {
			isa = XCBuildConfiguration;
			buildSettings = {
				ALWAYS_SEARCH_USER_PATHS = NO;
				CLANG_ANALYZER_NONNULL = YES;
				CLANG_ANALYZER_NUMBER_OBJECT_CONVERSION = YES_AGGRESSIVE;
				CLANG_CXX_LANGUAGE_STANDARD = "gnu++17";
				CLANG_CXX_LIBRARY = "libc++";
				CLANG_ENABLE_MODULES = YES;
				CLANG_ENABLE_OBJC_ARC = YES;
				CLANG_ENABLE_OBJC_WEAK = YES;
				CLANG_WARN_BLOCK_CAPTURE_AUTORELEASING = YES;
				CLANG_WARN_BOOL_CONVERSION = YES;
				CLANG_WARN_COMMA = YES;
				CLANG_WARN_CONSTANT_CONVERSION = YES;
				CLANG_WARN_DEPRECATED_OBJC_IMPLEMENTATIONS = YES;
				CLANG_WARN_DIRECT_OBJC_ISA_USAGE = YES_ERROR;
				CLANG_WARN_DOCUMENTATION_COMMENTS = YES;
				CLANG_WARN_EMPTY_BODY = YES;
				CLANG_WARN_ENUM_CONVERSION = YES;
				CLANG_WARN_INFINITE_RECURSION = YES;
				CLANG_WARN_INT_CONVERSION = YES;
				CLANG_WARN_NON_LITERAL_NULL_CONVERSION = YES;
				CLANG_WARN_OBJC_IMPLICIT_RETAIN_SELF = YES;
				CLANG_WARN_OBJC_LITERAL_CONVERSION = YES;
				CLANG_WARN_OBJC_ROOT_CLASS = YES_ERROR;
				CLANG_WARN_QUOTED_INCLUDE_IN_FRAMEWORK_HEADER = YES;
				CLANG_WARN_RANGE_LOOP_ANALYSIS = YES;
				CLANG_WARN_STRICT_PROTOTYPES = YES;
				CLANG_WARN_SUSPICIOUS_MOVE = YES;
				CLANG_WARN_UNGUARDED_AVAILABILITY = YES_AGGRESSIVE;
				CLANG_WARN_UNREACHABLE_CODE = YES;
				CLANG_WARN__DUPLICATE_METHOD_MATCH = YES;
				COPY_PHASE_STRIP = NO;
				DEBUG_INFORMATION_FORMAT = "dwarf-with-dsym";
				ENABLE_NS_ASSERTIONS = NO;
				ENABLE_STRICT_OBJC_MSGSEND = YES;
				GCC_C_LANGUAGE_STANDARD = gnu11;
				GCC_NO_COMMON_BLOCKS = YES;
				GCC_WARN_64_TO_32_BIT_CONVERSION = YES;
				GCC_WARN_ABOUT_RETURN_TYPE = YES_ERROR;
				GCC_WARN_UNDECLARED_SELECTOR = YES;
				GCC_WARN_UNINITIALIZED_AUTOS = YES_AGGRESSIVE;
				GCC_WARN_UNUSED_FUNCTION = YES;
				GCC_WARN_UNUSED_VARIABLE = YES;
				IPHONEOS_DEPLOYMENT_TARGET = 15.0;
				MTL_ENABLE_DEBUG_INFO = NO;
				MTL_FAST_MATH = YES;
				SDKROOT = iphoneos;
				SWIFT_COMPILATION_MODE = wholemodule;
				SWIFT_OPTIMIZATION_LEVEL = "-O";
				VALIDATE_PRODUCT = YES;
			};
			name = Release;
		};
		B8989C7C27410D2D00BDE2D0 /* Debug */ = {
			isa = XCBuildConfiguration;
			baseConfigurationReference = 88ACED75B447799A6479E358 /* Pods-TeamBuilder.debug.xcconfig */;
			buildSettings = {
				ASSETCATALOG_COMPILER_APPICON_NAME = AppIcon;
				ASSETCATALOG_COMPILER_GLOBAL_ACCENT_COLOR_NAME = AccentColor;
				CODE_SIGN_STYLE = Automatic;
				CURRENT_PROJECT_VERSION = 1;
				DEVELOPMENT_TEAM = 3SJ4Y68PW7;
				GENERATE_INFOPLIST_FILE = YES;
				INFOPLIST_FILE = TeamBuilder/Info.plist;
				INFOPLIST_KEY_NSCameraUsageDescription = "$(PRODUCT_NAME) photo use";
				INFOPLIST_KEY_UIApplicationSupportsIndirectInputEvents = YES;
				INFOPLIST_KEY_UILaunchStoryboardName = LaunchScreen;
				INFOPLIST_KEY_UISupportedInterfaceOrientations = UIInterfaceOrientationPortrait;
				INFOPLIST_KEY_UISupportedInterfaceOrientations_iPad = "UIInterfaceOrientationPortrait UIInterfaceOrientationPortraitUpsideDown UIInterfaceOrientationLandscapeLeft UIInterfaceOrientationLandscapeRight";
				INFOPLIST_KEY_UISupportedInterfaceOrientations_iPhone = "UIInterfaceOrientationPortrait UIInterfaceOrientationLandscapeLeft UIInterfaceOrientationLandscapeRight";
				LD_RUNPATH_SEARCH_PATHS = (
					"$(inherited)",
					"@executable_path/Frameworks",
				);
				MARKETING_VERSION = 1.0;
				PRODUCT_BUNDLE_IDENTIFIER = slothCoder.Inc.TeamBuilder;
				PRODUCT_NAME = "$(TARGET_NAME)";
				SWIFT_EMIT_LOC_STRINGS = YES;
				SWIFT_VERSION = 5.0;
				TARGETED_DEVICE_FAMILY = 1;
			};
			name = Debug;
		};
		B8989C7D27410D2D00BDE2D0 /* Release */ = {
			isa = XCBuildConfiguration;
			baseConfigurationReference = A5D741940B273B9A719BEC14 /* Pods-TeamBuilder.release.xcconfig */;
			buildSettings = {
				ASSETCATALOG_COMPILER_APPICON_NAME = AppIcon;
				ASSETCATALOG_COMPILER_GLOBAL_ACCENT_COLOR_NAME = AccentColor;
				CODE_SIGN_STYLE = Automatic;
				CURRENT_PROJECT_VERSION = 1;
				DEVELOPMENT_TEAM = 3SJ4Y68PW7;
				GENERATE_INFOPLIST_FILE = YES;
				INFOPLIST_FILE = TeamBuilder/Info.plist;
				INFOPLIST_KEY_NSCameraUsageDescription = "$(PRODUCT_NAME) photo use";
				INFOPLIST_KEY_UIApplicationSupportsIndirectInputEvents = YES;
				INFOPLIST_KEY_UILaunchStoryboardName = LaunchScreen;
				INFOPLIST_KEY_UISupportedInterfaceOrientations = UIInterfaceOrientationPortrait;
				INFOPLIST_KEY_UISupportedInterfaceOrientations_iPad = "UIInterfaceOrientationPortrait UIInterfaceOrientationPortraitUpsideDown UIInterfaceOrientationLandscapeLeft UIInterfaceOrientationLandscapeRight";
				INFOPLIST_KEY_UISupportedInterfaceOrientations_iPhone = "UIInterfaceOrientationPortrait UIInterfaceOrientationLandscapeLeft UIInterfaceOrientationLandscapeRight";
				LD_RUNPATH_SEARCH_PATHS = (
					"$(inherited)",
					"@executable_path/Frameworks",
				);
				MARKETING_VERSION = 1.0;
				PRODUCT_BUNDLE_IDENTIFIER = slothCoder.Inc.TeamBuilder;
				PRODUCT_NAME = "$(TARGET_NAME)";
				SWIFT_EMIT_LOC_STRINGS = YES;
				SWIFT_VERSION = 5.0;
				TARGETED_DEVICE_FAMILY = 1;
			};
			name = Release;
		};
/* End XCBuildConfiguration section */

/* Begin XCConfigurationList section */
		B8989C5F27410D2B00BDE2D0 /* Build configuration list for PBXProject "TeamBuilder" */ = {
			isa = XCConfigurationList;
			buildConfigurations = (
				B8989C7927410D2D00BDE2D0 /* Debug */,
				B8989C7A27410D2D00BDE2D0 /* Release */,
			);
			defaultConfigurationIsVisible = 0;
			defaultConfigurationName = Release;
		};
		B8989C7B27410D2D00BDE2D0 /* Build configuration list for PBXNativeTarget "TeamBuilder" */ = {
			isa = XCConfigurationList;
			buildConfigurations = (
				B8989C7C27410D2D00BDE2D0 /* Debug */,
				B8989C7D27410D2D00BDE2D0 /* Release */,
			);
			defaultConfigurationIsVisible = 0;
			defaultConfigurationName = Release;
		};
/* End XCConfigurationList section */

/* Begin XCVersionGroup section */
		B8989C7027410D2B00BDE2D0 /* TeamBuilder.xcdatamodeld */ = {
			isa = XCVersionGroup;
			children = (
				B8989C7127410D2B00BDE2D0 /* TeamBuilder.xcdatamodel */,
			);
			currentVersion = B8989C7127410D2B00BDE2D0 /* TeamBuilder.xcdatamodel */;
			path = TeamBuilder.xcdatamodeld;
			sourceTree = "<group>";
			versionGroupType = wrapper.xcdatamodel;
		};
/* End XCVersionGroup section */
	};
	rootObject = B8989C5C27410D2B00BDE2D0 /* Project object */;
}
